// !$*UTF8*$!
{
	archiveVersion = 1;
	classes = {
	};
	objectVersion = 46;
	objects = {

/* Begin PBXBuildFile section */
		DF8F6B551DCC37D600DDEF31 /* main.m in Sources */ = {isa = PBXBuildFile; fileRef = DF8F6B541DCC37D600DDEF31 /* main.m */; };
		DF8F6B581DCC37D600DDEF31 /* AppDelegate.m in Sources */ = {isa = PBXBuildFile; fileRef = DF8F6B571DCC37D600DDEF31 /* AppDelegate.m */; };
		DF8F6B5B1DCC37D600DDEF31 /* ViewController.m in Sources */ = {isa = PBXBuildFile; fileRef = DF8F6B5A1DCC37D600DDEF31 /* ViewController.m */; };
		DF8F6B5E1DCC37D600DDEF31 /* Main.storyboard in Resources */ = {isa = PBXBuildFile; fileRef = DF8F6B5C1DCC37D600DDEF31 /* Main.storyboard */; };
		DF8F6B601DCC37D600DDEF31 /* Assets.xcassets in Resources */ = {isa = PBXBuildFile; fileRef = DF8F6B5F1DCC37D600DDEF31 /* Assets.xcassets */; };
		DF8F6B631DCC37D600DDEF31 /* LaunchScreen.storyboard in Resources */ = {isa = PBXBuildFile; fileRef = DF8F6B611DCC37D600DDEF31 /* LaunchScreen.storyboard */; };
		DF8F6B6E1DCC37D600DDEF31 /* ScrollChangeNavColorTests.m in Sources */ = {isa = PBXBuildFile; fileRef = DF8F6B6D1DCC37D600DDEF31 /* ScrollChangeNavColorTests.m */; };
		DF8F6B791DCC37D600DDEF31 /* ScrollChangeNavColorUITests.m in Sources */ = {isa = PBXBuildFile; fileRef = DF8F6B781DCC37D600DDEF31 /* ScrollChangeNavColorUITests.m */; };
		DF8F6B891DCC3A9600DDEF31 /* UINavigationBar+ChangeColor.m in Sources */ = {isa = PBXBuildFile; fileRef = DF8F6B881DCC3A9600DDEF31 /* UINavigationBar+ChangeColor.m */; };
		DF8F6B8C1DCC3B2700DDEF31 /* SecondViewController.m in Sources */ = {isa = PBXBuildFile; fileRef = DF8F6B8B1DCC3B2700DDEF31 /* SecondViewController.m */; };
/* End PBXBuildFile section */

/* Begin PBXContainerItemProxy section */
		DF8F6B6A1DCC37D600DDEF31 /* PBXContainerItemProxy */ = {
			isa = PBXContainerItemProxy;
			containerPortal = DF8F6B481DCC37D600DDEF31 /* Project object */;
			proxyType = 1;
			remoteGlobalIDString = DF8F6B4F1DCC37D600DDEF31;
			remoteInfo = ScrollChangeNavColor;
		};
		DF8F6B751DCC37D600DDEF31 /* PBXContainerItemProxy */ = {
			isa = PBXContainerItemProxy;
			containerPortal = DF8F6B481DCC37D600DDEF31 /* Project object */;
			proxyType = 1;
			remoteGlobalIDString = DF8F6B4F1DCC37D600DDEF31;
			remoteInfo = ScrollChangeNavColor;
		};
/* End PBXContainerItemProxy section */

/* Begin PBXFileReference section */
		DF8F6B501DCC37D600DDEF31 /* ScrollChangeNavColor.app */ = {isa = PBXFileReference; explicitFileType = wrapper.application; includeInIndex = 0; path = ScrollChangeNavColor.app; sourceTree = BUILT_PRODUCTS_DIR; };
		DF8F6B541DCC37D600DDEF31 /* main.m */ = {isa = PBXFileReference; lastKnownFileType = sourcecode.c.objc; path = main.m; sourceTree = "<group>"; };
		DF8F6B561DCC37D600DDEF31 /* AppDelegate.h */ = {isa = PBXFileReference; lastKnownFileType = sourcecode.c.h; path = AppDelegate.h; sourceTree = "<group>"; };
		DF8F6B571DCC37D600DDEF31 /* AppDelegate.m */ = {isa = PBXFileReference; lastKnownFileType = sourcecode.c.objc; path = AppDelegate.m; sourceTree = "<group>"; };
		DF8F6B591DCC37D600DDEF31 /* ViewController.h */ = {isa = PBXFileReference; lastKnownFileType = sourcecode.c.h; path = ViewController.h; sourceTree = "<group>"; };
		DF8F6B5A1DCC37D600DDEF31 /* ViewController.m */ = {isa = PBXFileReference; lastKnownFileType = sourcecode.c.objc; path = ViewController.m; sourceTree = "<group>"; };
		DF8F6B5D1DCC37D600DDEF31 /* Base */ = {isa = PBXFileReference; lastKnownFileType = file.storyboard; name = Base; path = Base.lproj/Main.storyboard; sourceTree = "<group>"; };
		DF8F6B5F1DCC37D600DDEF31 /* Assets.xcassets */ = {isa = PBXFileReference; lastKnownFileType = folder.assetcatalog; path = Assets.xcassets; sourceTree = "<group>"; };
		DF8F6B621DCC37D600DDEF31 /* Base */ = {isa = PBXFileReference; lastKnownFileType = file.storyboard; name = Base; path = Base.lproj/LaunchScreen.storyboard; sourceTree = "<group>"; };
		DF8F6B641DCC37D600DDEF31 /* Info.plist */ = {isa = PBXFileReference; lastKnownFileType = text.plist.xml; path = Info.plist; sourceTree = "<group>"; };
		DF8F6B691DCC37D600DDEF31 /* ScrollChangeNavColorTests.xctest */ = {isa = PBXFileReference; explicitFileType = wrapper.cfbundle; includeInIndex = 0; path = ScrollChangeNavColorTests.xctest; sourceTree = BUILT_PRODUCTS_DIR; };
		DF8F6B6D1DCC37D600DDEF31 /* ScrollChangeNavColorTests.m */ = {isa = PBXFileReference; lastKnownFileType = sourcecode.c.objc; path = ScrollChangeNavColorTests.m; sourceTree = "<group>"; };
		DF8F6B6F1DCC37D600DDEF31 /* Info.plist */ = {isa = PBXFileReference; lastKnownFileType = text.plist.xml; path = Info.plist; sourceTree = "<group>"; };
		DF8F6B741DCC37D600DDEF31 /* ScrollChangeNavColorUITests.xctest */ = {isa = PBXFileReference; explicitFileType = wrapper.cfbundle; includeInIndex = 0; path = ScrollChangeNavColorUITests.xctest; sourceTree = BUILT_PRODUCTS_DIR; };
		DF8F6B781DCC37D600DDEF31 /* ScrollChangeNavColorUITests.m */ = {isa = PBXFileReference; lastKnownFileType = sourcecode.c.objc; path = ScrollChangeNavColorUITests.m; sourceTree = "<group>"; };
		DF8F6B7A1DCC37D600DDEF31 /* Info.plist */ = {isa = PBXFileReference; lastKnownFileType = text.plist.xml; path = Info.plist; sourceTree = "<group>"; };
		DF8F6B871DCC3A9600DDEF31 /* UINavigationBar+ChangeColor.h */ = {isa = PBXFileReference; fileEncoding = 4; lastKnownFileType = sourcecode.c.h; path = "UINavigationBar+ChangeColor.h"; sourceTree = "<group>"; };
		DF8F6B881DCC3A9600DDEF31 /* UINavigationBar+ChangeColor.m */ = {isa = PBXFileReference; fileEncoding = 4; lastKnownFileType = sourcecode.c.objc; path = "UINavigationBar+ChangeColor.m"; sourceTree = "<group>"; };
		DF8F6B8A1DCC3B2700DDEF31 /* SecondViewController.h */ = {isa = PBXFileReference; fileEncoding = 4; lastKnownFileType = sourcecode.c.h; path = SecondViewController.h; sourceTree = "<group>"; };
		DF8F6B8B1DCC3B2700DDEF31 /* SecondViewController.m */ = {isa = PBXFileReference; fileEncoding = 4; lastKnownFileType = sourcecode.c.objc; path = SecondViewController.m; sourceTree = "<group>"; };
/* End PBXFileReference section */

/* Begin PBXFrameworksBuildPhase section */
		DF8F6B4D1DCC37D600DDEF31 /* Frameworks */ = {
			isa = PBXFrameworksBuildPhase;
			buildActionMask = 2147483647;
			files = (
			);
			runOnlyForDeploymentPostprocessing = 0;
		};
		DF8F6B661DCC37D600DDEF31 /* Frameworks */ = {
			isa = PBXFrameworksBuildPhase;
			buildActionMask = 2147483647;
			files = (
			);
			runOnlyForDeploymentPostprocessing = 0;
		};
		DF8F6B711DCC37D600DDEF31 /* Frameworks */ = {
			isa = PBXFrameworksBuildPhase;
			buildActionMask = 2147483647;
			files = (
			);
			runOnlyForDeploymentPostprocessing = 0;
		};
/* End PBXFrameworksBuildPhase section */

/* Begin PBXGroup section */
		DF8F6B471DCC37D600DDEF31 = {
			isa = PBXGroup;
			children = (
				DF8F6B521DCC37D600DDEF31 /* ScrollChangeNavColor */,
				DF8F6B6C1DCC37D600DDEF31 /* ScrollChangeNavColorTests */,
				DF8F6B771DCC37D600DDEF31 /* ScrollChangeNavColorUITests */,
				DF8F6B511DCC37D600DDEF31 /* Products */,
			);
			sourceTree = "<group>";
		};
		DF8F6B511DCC37D600DDEF31 /* Products */ = {
			isa = PBXGroup;
			children = (
				DF8F6B501DCC37D600DDEF31 /* ScrollChangeNavColor.app */,
				DF8F6B691DCC37D600DDEF31 /* ScrollChangeNavColorTests.xctest */,
				DF8F6B741DCC37D600DDEF31 /* ScrollChangeNavColorUITests.xctest */,
			);
			name = Products;
			sourceTree = "<group>";
		};
		DF8F6B521DCC37D600DDEF31 /* ScrollChangeNavColor */ = {
			isa = PBXGroup;
			children = (
				DF8F6B861DCC3A9600DDEF31 /* UINavigationBar+ChangeColor */,
				DF8F6B561DCC37D600DDEF31 /* AppDelegate.h */,
				DF8F6B571DCC37D600DDEF31 /* AppDelegate.m */,
				DF8F6B591DCC37D600DDEF31 /* ViewController.h */,
				DF8F6B5A1DCC37D600DDEF31 /* ViewController.m */,
				DF8F6B8A1DCC3B2700DDEF31 /* SecondViewController.h */,
				DF8F6B8B1DCC3B2700DDEF31 /* SecondViewController.m */,
				DF8F6B5C1DCC37D600DDEF31 /* Main.storyboard */,
				DF8F6B5F1DCC37D600DDEF31 /* Assets.xcassets */,
				DF8F6B611DCC37D600DDEF31 /* LaunchScreen.storyboard */,
				DF8F6B641DCC37D600DDEF31 /* Info.plist */,
				DF8F6B531DCC37D600DDEF31 /* Supporting Files */,
			);
			path = ScrollChangeNavColor;
			sourceTree = "<group>";
		};
		DF8F6B531DCC37D600DDEF31 /* Supporting Files */ = {
			isa = PBXGroup;
			children = (
				DF8F6B541DCC37D600DDEF31 /* main.m */,
			);
			name = "Supporting Files";
			sourceTree = "<group>";
		};
		DF8F6B6C1DCC37D600DDEF31 /* ScrollChangeNavColorTests */ = {
			isa = PBXGroup;
			children = (
				DF8F6B6D1DCC37D600DDEF31 /* ScrollChangeNavColorTests.m */,
				DF8F6B6F1DCC37D600DDEF31 /* Info.plist */,
			);
			path = ScrollChangeNavColorTests;
			sourceTree = "<group>";
		};
		DF8F6B771DCC37D600DDEF31 /* ScrollChangeNavColorUITests */ = {
			isa = PBXGroup;
			children = (
				DF8F6B781DCC37D600DDEF31 /* ScrollChangeNavColorUITests.m */,
				DF8F6B7A1DCC37D600DDEF31 /* Info.plist */,
			);
			path = ScrollChangeNavColorUITests;
			sourceTree = "<group>";
		};
		DF8F6B861DCC3A9600DDEF31 /* UINavigationBar+ChangeColor */ = {
			isa = PBXGroup;
			children = (
				DF8F6B871DCC3A9600DDEF31 /* UINavigationBar+ChangeColor.h */,
				DF8F6B881DCC3A9600DDEF31 /* UINavigationBar+ChangeColor.m */,
			);
			path = "UINavigationBar+ChangeColor";
			sourceTree = "<group>";
		};
/* End PBXGroup section */

/* Begin PBXNativeTarget section */
		DF8F6B4F1DCC37D600DDEF31 /* ScrollChangeNavColor */ = {
			isa = PBXNativeTarget;
			buildConfigurationList = DF8F6B7D1DCC37D600DDEF31 /* Build configuration list for PBXNativeTarget "ScrollChangeNavColor" */;
			buildPhases = (
				DF8F6B4C1DCC37D600DDEF31 /* Sources */,
				DF8F6B4D1DCC37D600DDEF31 /* Frameworks */,
				DF8F6B4E1DCC37D600DDEF31 /* Resources */,
			);
			buildRules = (
			);
			dependencies = (
			);
			name = ScrollChangeNavColor;
			productName = ScrollChangeNavColor;
			productReference = DF8F6B501DCC37D600DDEF31 /* ScrollChangeNavColor.app */;
			productType = "com.apple.product-type.application";
		};
		DF8F6B681DCC37D600DDEF31 /* ScrollChangeNavColorTests */ = {
			isa = PBXNativeTarget;
			buildConfigurationList = DF8F6B801DCC37D600DDEF31 /* Build configuration list for PBXNativeTarget "ScrollChangeNavColorTests" */;
			buildPhases = (
				DF8F6B651DCC37D600DDEF31 /* Sources */,
				DF8F6B661DCC37D600DDEF31 /* Frameworks */,
				DF8F6B671DCC37D600DDEF31 /* Resources */,
			);
			buildRules = (
			);
			dependencies = (
				DF8F6B6B1DCC37D600DDEF31 /* PBXTargetDependency */,
			);
			name = ScrollChangeNavColorTests;
			productName = ScrollChangeNavColorTests;
			productReference = DF8F6B691DCC37D600DDEF31 /* ScrollChangeNavColorTests.xctest */;
			productType = "com.apple.product-type.bundle.unit-test";
		};
		DF8F6B731DCC37D600DDEF31 /* ScrollChangeNavColorUITests */ = {
			isa = PBXNativeTarget;
			buildConfigurationList = DF8F6B831DCC37D600DDEF31 /* Build configuration list for PBXNativeTarget "ScrollChangeNavColorUITests" */;
			buildPhases = (
				DF8F6B701DCC37D600DDEF31 /* Sources */,
				DF8F6B711DCC37D600DDEF31 /* Frameworks */,
				DF8F6B721DCC37D600DDEF31 /* Resources */,
			);
			buildRules = (
			);
			dependencies = (
				DF8F6B761DCC37D600DDEF31 /* PBXTargetDependency */,
			);
			name = ScrollChangeNavColorUITests;
			productName = ScrollChangeNavColorUITests;
			productReference = DF8F6B741DCC37D600DDEF31 /* ScrollChangeNavColorUITests.xctest */;
			productType = "com.apple.product-type.bundle.ui-testing";
		};
/* End PBXNativeTarget section */

/* Begin PBXProject section */
		DF8F6B481DCC37D600DDEF31 /* Project object */ = {
			isa = PBXProject;
			attributes = {
				LastUpgradeCheck = 0810;
				ORGANIZATIONNAME = RachalZhou;
				TargetAttributes = {
					DF8F6B4F1DCC37D600DDEF31 = {
						CreatedOnToolsVersion = 8.1;
						ProvisioningStyle = Automatic;
					};
					DF8F6B681DCC37D600DDEF31 = {
						CreatedOnToolsVersion = 8.1;
						ProvisioningStyle = Automatic;
						TestTargetID = DF8F6B4F1DCC37D600DDEF31;
					};
					DF8F6B731DCC37D600DDEF31 = {
						CreatedOnToolsVersion = 8.1;
						ProvisioningStyle = Automatic;
						TestTargetID = DF8F6B4F1DCC37D600DDEF31;
					};
				};
			};
			buildConfigurationList = DF8F6B4B1DCC37D600DDEF31 /* Build configuration list for PBXProject "ScrollChangeNavColor" */;
			compatibilityVersion = "Xcode 3.2";
			developmentRegion = English;
			hasScannedForEncodings = 0;
			knownRegions = (
				en,
				Base,
			);
			mainGroup = DF8F6B471DCC37D600DDEF31;
			productRefGroup = DF8F6B511DCC37D600DDEF31 /* Products */;
			projectDirPath = "";
			projectRoot = "";
			targets = (
				DF8F6B4F1DCC37D600DDEF31 /* ScrollChangeNavColor */,
				DF8F6B681DCC37D600DDEF31 /* ScrollChangeNavColorTests */,
				DF8F6B731DCC37D600DDEF31 /* ScrollChangeNavColorUITests */,
			);
		};
/* End PBXProject section */

/* Begin PBXResourcesBuildPhase section */
		DF8F6B4E1DCC37D600DDEF31 /* Resources */ = {
			isa = PBXResourcesBuildPhase;
			buildActionMask = 2147483647;
			files = (
				DF8F6B631DCC37D600DDEF31 /* LaunchScreen.storyboard in Resources */,
				DF8F6B601DCC37D600DDEF31 /* Assets.xcassets in Resources */,
				DF8F6B5E1DCC37D600DDEF31 /* Main.storyboard in Resources */,
			);
			runOnlyForDeploymentPostprocessing = 0;
		};
		DF8F6B671DCC37D600DDEF31 /* Resources */ = {
			isa = PBXResourcesBuildPhase;
			buildActionMask = 2147483647;
			files = (
			);
			runOnlyForDeploymentPostprocessing = 0;
		};
		DF8F6B721DCC37D600DDEF31 /* Resources */ = {
			isa = PBXResourcesBuildPhase;
			buildActionMask = 2147483647;
			files = (
			);
			runOnlyForDeploymentPostprocessing = 0;
		};
/* End PBXResourcesBuildPhase section */

/* Begin PBXSourcesBuildPhase section */
		DF8F6B4C1DCC37D600DDEF31 /* Sources */ = {
			isa = PBXSourcesBuildPhase;
			buildActionMask = 2147483647;
			files = (
				DF8F6B8C1DCC3B2700DDEF31 /* SecondViewController.m in Sources */,
				DF8F6B5B1DCC37D600DDEF31 /* ViewController.m in Sources */,
				DF8F6B581DCC37D600DDEF31 /* AppDelegate.m in Sources */,
				DF8F6B551DCC37D600DDEF31 /* main.m in Sources */,
				DF8F6B891DCC3A9600DDEF31 /* UINavigationBar+ChangeColor.m in Sources */,
			);
			runOnlyForDeploymentPostprocessing = 0;
		};
		DF8F6B651DCC37D600DDEF31 /* Sources */ = {
			isa = PBXSourcesBuildPhase;
			buildActionMask = 2147483647;
			files = (
				DF8F6B6E1DCC37D600DDEF31 /* ScrollChangeNavColorTests.m in Sources */,
			);
			runOnlyForDeploymentPostprocessing = 0;
		};
		DF8F6B701DCC37D600DDEF31 /* Sources */ = {
			isa = PBXSourcesBuildPhase;
			buildActionMask = 2147483647;
			files = (
				DF8F6B791DCC37D600DDEF31 /* ScrollChangeNavColorUITests.m in Sources */,
			);
			runOnlyForDeploymentPostprocessing = 0;
		};
/* End PBXSourcesBuildPhase section */

/* Begin PBXTargetDependency section */
		DF8F6B6B1DCC37D600DDEF31 /* PBXTargetDependency */ = {
			isa = PBXTargetDependency;
			target = DF8F6B4F1DCC37D600DDEF31 /* ScrollChangeNavColor */;
			targetProxy = DF8F6B6A1DCC37D600DDEF31 /* PBXContainerItemProxy */;
		};
		DF8F6B761DCC37D600DDEF31 /* PBXTargetDependency */ = {
			isa = PBXTargetDependency;
			target = DF8F6B4F1DCC37D600DDEF31 /* ScrollChangeNavColor */;
			targetProxy = DF8F6B751DCC37D600DDEF31 /* PBXContainerItemProxy */;
		};
/* End PBXTargetDependency section */

/* Begin PBXVariantGroup section */
		DF8F6B5C1DCC37D600DDEF31 /* Main.storyboard */ = {
			isa = PBXVariantGroup;
			children = (
				DF8F6B5D1DCC37D600DDEF31 /* Base */,
			);
			name = Main.storyboard;
			sourceTree = "<group>";
		};
		DF8F6B611DCC37D600DDEF31 /* LaunchScreen.storyboard */ = {
			isa = PBXVariantGroup;
			children = (
				DF8F6B621DCC37D600DDEF31 /* Base */,
			);
			name = LaunchScreen.storyboard;
			sourceTree = "<group>";
		};
/* End PBXVariantGroup section */

/* Begin XCBuildConfiguration section */
		DF8F6B7B1DCC37D600DDEF31 /* Debug */ = {
			isa = XCBuildConfiguration;
			buildSettings = {
				ALWAYS_SEARCH_USER_PATHS = NO;
				CLANG_ANALYZER_NONNULL = YES;
				CLANG_CXX_LANGUAGE_STANDARD = "gnu++0x";
				CLANG_CXX_LIBRARY = "libc++";
				CLANG_ENABLE_MODULES = YES;
				CLANG_ENABLE_OBJC_ARC = YES;
				CLANG_WARN_BOOL_CONVERSION = YES;
				CLANG_WARN_CONSTANT_CONVERSION = YES;
				CLANG_WARN_DIRECT_OBJC_ISA_USAGE = YES_ERROR;
				CLANG_WARN_DOCUMENTATION_COMMENTS = YES;
				CLANG_WARN_EMPTY_BODY = YES;
				CLANG_WARN_ENUM_CONVERSION = YES;
				CLANG_WARN_INFINITE_RECURSION = YES;
				CLANG_WARN_INT_CONVERSION = YES;
				CLANG_WARN_OBJC_ROOT_CLASS = YES_ERROR;
				CLANG_WARN_SUSPICIOUS_MOVES = YES;
				CLANG_WARN_UNREACHABLE_CODE = YES;
				CLANG_WARN__DUPLICATE_METHOD_MATCH = YES;
				"CODE_SIGN_IDENTITY[sdk=iphoneos*]" = "iPhone Developer";
				COPY_PHASE_STRIP = NO;
				DEBUG_INFORMATION_FORMAT = dwarf;
				ENABLE_STRICT_OBJC_MSGSEND = YES;
				ENABLE_TESTABILITY = YES;
				GCC_C_LANGUAGE_STANDARD = gnu99;
				GCC_DYNAMIC_NO_PIC = NO;
				GCC_NO_COMMON_BLOCKS = YES;
				GCC_OPTIMIZATION_LEVEL = 0;
				GCC_PREPROCESSOR_DEFINITIONS = (
					"DEBUG=1",
					"$(inherited)",
				);
				GCC_WARN_64_TO_32_BIT_CONVERSION = YES;
				GCC_WARN_ABOUT_RETURN_TYPE = YES_ERROR;
				GCC_WARN_UNDECLARED_SELECTOR = YES;
				GCC_WARN_UNINITIALIZED_AUTOS = YES_AGGRESSIVE;
				GCC_WARN_UNUSED_FUNCTION = YES;
				GCC_WARN_UNUSED_VARIABLE = YES;
				IPHONEOS_DEPLOYMENT_TARGET = 10.0;
				MTL_ENABLE_DEBUG_INFO = YES;
				ONLY_ACTIVE_ARCH = YES;
				SDKROOT = iphoneos;
				TARGETED_DEVICE_FAMILY = "1,2";
			};
			name = Debug;
		};
		DF8F6B7C1DCC37D600DDEF31 /* Release */ = {
			isa = XCBuildConfiguration;
			buildSettings = {
				ALWAYS_SEARCH_USER_PATHS = NO;
				CLANG_ANALYZER_NONNULL = YES;
				CLANG_CXX_LANGUAGE_STANDARD = "gnu++0x";
				CLANG_CXX_LIBRARY = "libc++";
				CLANG_ENABLE_MODULES = YES;
				CLANG_ENABLE_OBJC_ARC = YES;
				CLANG_WARN_BOOL_CONVERSION = YES;
				CLANG_WARN_CONSTANT_CONVERSION = YES;
				CLANG_WARN_DIRECT_OBJC_ISA_USAGE = YES_ERROR;
				CLANG_WARN_DOCUMENTATION_COMMENTS = YES;
				CLANG_WARN_EMPTY_BODY = YES;
				CLANG_WARN_ENUM_CONVERSION = YES;
				CLANG_WARN_INFINITE_RECURSION = YES;
				CLANG_WARN_INT_CONVERSION = YES;
				CLANG_WARN_OBJC_ROOT_CLASS = YES_ERROR;
				CLANG_WARN_SUSPICIOUS_MOVES = YES;
				CLANG_WARN_UNREACHABLE_CODE = YES;
				CLANG_WARN__DUPLICATE_METHOD_MATCH = YES;
				"CODE_SIGN_IDENTITY[sdk=iphoneos*]" = "iPhone Developer";
				COPY_PHASE_STRIP = NO;
				DEBUG_INFORMATION_FORMAT = "dwarf-with-dsym";
				ENABLE_NS_ASSERTIONS = NO;
				ENABLE_STRICT_OBJC_MSGSEND = YES;
				GCC_C_LANGUAGE_STANDARD = gnu99;
				GCC_NO_COMMON_BLOCKS = YES;
				GCC_WARN_64_TO_32_BIT_CONVERSION = YES;
				GCC_WARN_ABOUT_RETURN_TYPE = YES_ERROR;
				GCC_WARN_UNDECLARED_SELECTOR = YES;
				GCC_WARN_UNINITIALIZED_AUTOS = YES_AGGRESSIVE;
				GCC_WARN_UNUSED_FUNCTION = YES;
				GCC_WARN_UNUSED_VARIABLE = YES;
				IPHONEOS_DEPLOYMENT_TARGET = 10.0;
				MTL_ENABLE_DEBUG_INFO = NO;
				SDKROOT = iphoneos;
				TARGETED_DEVICE_FAMILY = "1,2";
				VALIDATE_PRODUCT = YES;
			};
			name = Release;
		};
		DF8F6B7E1DCC37D600DDEF31 /* Debug */ = {
			isa = XCBuildConfiguration;
			buildSettings = {
				ASSETCATALOG_COMPILER_APPICON_NAME = AppIcon;
				DEVELOPMENT_TEAM = "";
				INFOPLIST_FILE = ScrollChangeNavColor/Info.plist;
				IPHONEOS_DEPLOYMENT_TARGET = 10.0;
				LD_RUNPATH_SEARCH_PATHS = "$(inherited) @executable_path/Frameworks";
				PRODUCT_BUNDLE_IDENTIFIER = com.baidu.ScrollChangeNavColor;
				PRODUCT_NAME = "$(TARGET_NAME)";
			};
			name = Debug;
		};
		DF8F6B7F1DCC37D600DDEF31 /* Release */ = {
			isa = XCBuildConfiguration;
			buildSettings = {
				ASSETCATALOG_COMPILER_APPICON_NAME = AppIcon;
				DEVELOPMENT_TEAM = "";
				INFOPLIST_FILE = ScrollChangeNavColor/Info.plist;
				IPHONEOS_DEPLOYMENT_TARGET = 10.0;
				LD_RUNPATH_SEARCH_PATHS = "$(inherited) @executable_path/Frameworks";
				PRODUCT_BUNDLE_IDENTIFIER = com.baidu.ScrollChangeNavColor;
				PRODUCT_NAME = "$(TARGET_NAME)";
			};
			name = Release;
		};
		DF8F6B811DCC37D600DDEF31 /* Debug */ = {
			isa = XCBuildConfiguration;
			buildSettings = {
				BUNDLE_LOADER = "$(TEST_HOST)";
				INFOPLIST_FILE = ScrollChangeNavColorTests/Info.plist;
				LD_RUNPATH_SEARCH_PATHS = "$(inherited) @executable_path/Frameworks @loader_path/Frameworks";
				PRODUCT_BUNDLE_IDENTIFIER = com.baidu.ScrollChangeNavColorTests;
				PRODUCT_NAME = "$(TARGET_NAME)";
				TEST_HOST = "$(BUILT_PRODUCTS_DIR)/ScrollChangeNavColor.app/ScrollChangeNavColor";
			};
			name = Debug;
		};
		DF8F6B821DCC37D600DDEF31 /* Release */ = {
			isa = XCBuildConfiguration;
			buildSettings = {
				BUNDLE_LOADER = "$(TEST_HOST)";
				INFOPLIST_FILE = ScrollChangeNavColorTests/Info.plist;
				LD_RUNPATH_SEARCH_PATHS = "$(inherited) @executable_path/Frameworks @loader_path/Frameworks";
				PRODUCT_BUNDLE_IDENTIFIER = com.baidu.ScrollChangeNavColorTests;
				PRODUCT_NAME = "$(TARGET_NAME)";
				TEST_HOST = "$(BUILT_PRODUCTS_DIR)/ScrollChangeNavColor.app/ScrollChangeNavColor";
			};
			name = Release;
		};
		DF8F6B841DCC37D600DDEF31 /* Debug */ = {
			isa = XCBuildConfiguration;
			buildSettings = {
				INFOPLIST_FILE = ScrollChangeNavColorUITests/Info.plist;
				LD_RUNPATH_SEARCH_PATHS = "$(inherited) @executable_path/Frameworks @loader_path/Frameworks";
				PRODUCT_BUNDLE_IDENTIFIER = com.baidu.ScrollChangeNavColorUITests;
				PRODUCT_NAME = "$(TARGET_NAME)";
				TEST_TARGET_NAME = ScrollChangeNavColor;
			};
			name = Debug;
		};
		DF8F6B851DCC37D600DDEF31 /* Release */ = {
			isa = XCBuildConfiguration;
			buildSettings = {
				INFOPLIST_FILE = ScrollChangeNavColorUITests/Info.plist;
				LD_RUNPATH_SEARCH_PATHS = "$(inherited) @executable_path/Frameworks @loader_path/Frameworks";
				PRODUCT_BUNDLE_IDENTIFIER = com.baidu.ScrollChangeNavColorUITests;
				PRODUCT_NAME = "$(TARGET_NAME)";
				TEST_TARGET_NAME = ScrollChangeNavColor;
			};
			name = Release;
		};
/* End XCBuildConfiguration section */

/* Begin XCConfigurationList section */
		DF8F6B4B1DCC37D600DDEF31 /* Build configuration list for PBXProject "ScrollChangeNavColor" */ = {
			isa = XCConfigurationList;
			buildConfigurations = (
				DF8F6B7B1DCC37D600DDEF31 /* Debug */,
				DF8F6B7C1DCC37D600DDEF31 /* Release */,
			);
			defaultConfigurationIsVisible = 0;
			defaultConfigurationName = Release;
		};
		DF8F6B7D1DCC37D600DDEF31 /* Build configuration list for PBXNativeTarget "ScrollChangeNavColor" */ = {
			isa = XCConfigurationList;
			buildConfigurations = (
				DF8F6B7E1DCC37D600DDEF31 /* Debug */,
				DF8F6B7F1DCC37D600DDEF31 /* Release */,
			);
			defaultConfigurationIsVisible = 0;
		};
		DF8F6B801DCC37D600DDEF31 /* Build configuration list for PBXNativeTarget "ScrollChangeNavColorTests" */ = {
			isa = XCConfigurationList;
			buildConfigurations = (
				DF8F6B811DCC37D600DDEF31 /* Debug */,
				DF8F6B821DCC37D600DDEF31 /* Release */,
			);
			defaultConfigurationIsVisible = 0;
		};
		DF8F6B831DCC37D600DDEF31 /* Build configuration list for PBXNativeTarget "ScrollChangeNavColorUITests" */ = {
			isa = XCConfigurationList;
			buildConfigurations = (
				DF8F6B841DCC37D600DDEF31 /* Debug */,
				DF8F6B851DCC37D600DDEF31 /* Release */,
			);
			defaultConfigurationIsVisible = 0;
		};
/* End XCConfigurationList section */
	};
	rootObject = DF8F6B481DCC37D600DDEF31 /* Project object */;
}
